
Microsoft Visual Studio Solution File, Format Version 12.00
# Visual Studio Version 17
VisualStudioVersion = 17.14.37314.3 d17.14
MinimumVisualStudioVersion = 10.0.40219.1
Project("{FAE04EC0-301F-11D3-BF4B-00C04F79EFBC}") = "GCMemoryAllocation", "GCMemoryAllocation\GCMemoryAllocation.csproj", "{DD01FD91-AB19-4EDB-820A-D75255C7D87B}"
EndProject
Global
	GlobalSection(SolutionConfigurationPlatforms) = preSolution
		Debug|Any CPU = Debug|Any CPU
		Release|Any CPU = Release|Any CPU
	EndGlobalSection
	GlobalSection(ProjectConfigurationPlatforms) = postSolution
		{DD01FD91-AB19-4EDB-820A-D75255C7D87B}.Debug|Any CPU.ActiveCfg = Debug|Any CPU
		{DD01FD91-AB19-4EDB-820A-D75255C7D87B}.Debug|Any CPU.Build.0 = Debug|Any CPU
		{DD01FD91-AB19-4EDB-820A-D75255C7D87B}.Release|Any CPU.ActiveCfg = Release|Any CPU
		{DD01FD91-AB19-4EDB-820A-D75255C7D87B}.Release|Any CPU.Build.0 = Release|Any CPU
	EndGlobalSection
	GlobalSection(SolutionProperties) = preSolution
		HideSolutionNode = FALSE
	EndGlobalSection
	GlobalSection(ExtensibilityGlobals) = postSolution
		SolutionGuid = {9AE9758D-2566-4838-805A-5A3C1F7B96F0}
	EndGlobalSection
EndGlobal
