
Microsoft Visual Studio Solution File, Format Version 12.00
# Visual Studio Version 17
VisualStudioVersion = 17.14.37314.3 d17.14
MinimumVisualStudioVersion = 10.0.40219.1
Project("{FAE04EC0-301F-11D3-BF4B-00C04F79EFBC}") = "PatientConsole", "PatientConsole\PatientConsole.csproj", "{769111F6-D00A-42C5-B109-20B000FCBE86}"
EndProject
Global
	GlobalSection(SolutionConfigurationPlatforms) = preSolution
		Debug|Any CPU = Debug|Any CPU
		Release|Any CPU = Release|Any CPU
	EndGlobalSection
	GlobalSection(ProjectConfigurationPlatforms) = postSolution
		{769111F6-D00A-42C5-B109-20B000FCBE86}.Debug|Any CPU.ActiveCfg = Debug|Any CPU
		{769111F6-D00A-42C5-B109-20B000FCBE86}.Debug|Any CPU.Build.0 = Debug|Any CPU
		{769111F6-D00A-42C5-B109-20B000FCBE86}.Release|Any CPU.ActiveCfg = Release|Any CPU
		{769111F6-D00A-42C5-B109-20B000FCBE86}.Release|Any CPU.Build.0 = Release|Any CPU
	EndGlobalSection
	GlobalSection(SolutionProperties) = preSolution
		HideSolutionNode = FALSE
	EndGlobalSection
	GlobalSection(ExtensibilityGlobals) = postSolution
		SolutionGuid = {AA4AEBFF-30E1-41E9-AB2C-27F4F63053E4}
	EndGlobalSection
EndGlobal
