
Microsoft Visual Studio Solution File, Format Version 12.00
# Visual Studio Version 17
VisualStudioVersion = 17.14.37314.3 d17.14
MinimumVisualStudioVersion = 10.0.40219.1
Project("{FAE04EC0-301F-11D3-BF4B-00C04F79EFBC}") = "HealthCareDecisionApp", "HealthCareDecisionApp\HealthCareDecisionApp.csproj", "{B0DAFF42-8A7E-4CC9-BB97-33B6EABBC214}"
EndProject
Global
	GlobalSection(SolutionConfigurationPlatforms) = preSolution
		Debug|Any CPU = Debug|Any CPU
		Release|Any CPU = Release|Any CPU
	EndGlobalSection
	GlobalSection(ProjectConfigurationPlatforms) = postSolution
		{B0DAFF42-8A7E-4CC9-BB97-33B6EABBC214}.Debug|Any CPU.ActiveCfg = Debug|Any CPU
		{B0DAFF42-8A7E-4CC9-BB97-33B6EABBC214}.Debug|Any CPU.Build.0 = Debug|Any CPU
		{B0DAFF42-8A7E-4CC9-BB97-33B6EABBC214}.Release|Any CPU.ActiveCfg = Release|Any CPU
		{B0DAFF42-8A7E-4CC9-BB97-33B6EABBC214}.Release|Any CPU.Build.0 = Release|Any CPU
	EndGlobalSection
	GlobalSection(SolutionProperties) = preSolution
		HideSolutionNode = FALSE
	EndGlobalSection
	GlobalSection(ExtensibilityGlobals) = postSolution
		SolutionGuid = {3E18DF36-4A4C-4163-8F46-AE94DF851CE0}
	EndGlobalSection
EndGlobal
