
Microsoft Visual Studio Solution File, Format Version 12.00
# Visual Studio Version 17
VisualStudioVersion = 17.14.37314.3 d17.14
MinimumVisualStudioVersion = 10.0.40219.1
Project("{FAE04EC0-301F-11D3-BF4B-00C04F79EFBC}") = "EHRMvcAuditLedgerDemo", "EHRMvcAuditLedgerDemo\EHRMvcAuditLedgerDemo.csproj", "{F5A797E4-27BE-4DC4-8E32-FC31A889F33E}"
EndProject
Global
	GlobalSection(SolutionConfigurationPlatforms) = preSolution
		Debug|Any CPU = Debug|Any CPU
		Release|Any CPU = Release|Any CPU
	EndGlobalSection
	GlobalSection(ProjectConfigurationPlatforms) = postSolution
		{F5A797E4-27BE-4DC4-8E32-FC31A889F33E}.Debug|Any CPU.ActiveCfg = Debug|Any CPU
		{F5A797E4-27BE-4DC4-8E32-FC31A889F33E}.Debug|Any CPU.Build.0 = Debug|Any CPU
		{F5A797E4-27BE-4DC4-8E32-FC31A889F33E}.Release|Any CPU.ActiveCfg = Release|Any CPU
		{F5A797E4-27BE-4DC4-8E32-FC31A889F33E}.Release|Any CPU.Build.0 = Release|Any CPU
	EndGlobalSection
	GlobalSection(SolutionProperties) = preSolution
		HideSolutionNode = FALSE
	EndGlobalSection
	GlobalSection(ExtensibilityGlobals) = postSolution
		SolutionGuid = {EC3B1A82-A263-420C-9A96-93EF21EE0C71}
	EndGlobalSection
EndGlobal
